# This file is automatically @generated by Cargo.
# It is not intended for manual editing.
version = 3

[[package]]
name = "common"
version = "0.1.0"

[[package]]
name = "init"
version = "0.1.0"
dependencies = [
 "common",
]

[[package]]
name = "kernel"
version = "0.1.0"
dependencies = [
 "common",
]

[[package]]
name = "shell"
version = "0.1.0"
dependencies = [
 "common",
]
